
Microsoft Visual Studio Solution File, Format Version 12.00
# Visual Studio Version 17
VisualStudioVersion = 17.6.33801.468
MinimumVisualStudioVersion = 10.0.40219.1
Project("{FAE04EC0-301F-11D3-BF4B-00C04F79EFBC}") = "XmlUnitTest", "XmlUnitTest.csproj", "{31D76C92-1859-4194-9E48-1FBCA1113B64}"
EndProject
Project("{FAE04EC0-301F-11D3-BF4B-00C04F79EFBC}") = "DevEnsinaDevXml", "..\DevEnsinaDevXml\DevEnsinaDevXml.csproj", "{C3700284-6ADC-422D-AA62-B69DF8CC15A8}"
EndProject
Global
	GlobalSection(SolutionConfigurationPlatforms) = preSolution
		Debug|Any CPU = Debug|Any CPU
		Release|Any CPU = Release|Any CPU
	EndGlobalSection
	GlobalSection(ProjectConfigurationPlatforms) = postSolution
		{31D76C92-1859-4194-9E48-1FBCA1113B64}.Debug|Any CPU.ActiveCfg = Debug|Any CPU
		{31D76C92-1859-4194-9E48-1FBCA1113B64}.Debug|Any CPU.Build.0 = Debug|Any CPU
		{31D76C92-1859-4194-9E48-1FBCA1113B64}.Release|Any CPU.ActiveCfg = Release|Any CPU
		{31D76C92-1859-4194-9E48-1FBCA1113B64}.Release|Any CPU.Build.0 = Release|Any CPU
		{C3700284-6ADC-422D-AA62-B69DF8CC15A8}.Debug|Any CPU.ActiveCfg = Debug|Any CPU
		{C3700284-6ADC-422D-AA62-B69DF8CC15A8}.Debug|Any CPU.Build.0 = Debug|Any CPU
		{C3700284-6ADC-422D-AA62-B69DF8CC15A8}.Release|Any CPU.ActiveCfg = Release|Any CPU
		{C3700284-6ADC-422D-AA62-B69DF8CC15A8}.Release|Any CPU.Build.0 = Release|Any CPU
	EndGlobalSection
	GlobalSection(SolutionProperties) = preSolution
		HideSolutionNode = FALSE
	EndGlobalSection
	GlobalSection(ExtensibilityGlobals) = postSolution
		SolutionGuid = {8EB57193-9594-47ED-8FE5-BD93197D4565}
	EndGlobalSection
EndGlobal
